{
  "pins" : [
    {
      "identity" : "daily-client-ios-internal",
      "kind" : "remoteSourceControl",
      "location" : "https://github.com/daily-co/daily-client-ios-internal",
      "state" : {
        "branch" : "test-0.10.1",
        "revision" : "8332c51cd4dd9ec046a8a34894129776e6e4c4a2"
      }
    }
  ],
  "version" : 2
}
